<?xml version="1.0" encoding="utf-8"?>
<Project ToolsVersion="4.0" xmlns="http://schemas.microsoft.com/developer/msbuild/2003">
  <ItemGroup>
    <ClCompile Include="Main.cpp" />
    <ClCompile Include="Includes\glad\glad.c">
      <Filter>GLAD</Filter>
    </ClCompile>
  </ItemGroup>
  <ItemGroup>
    <Filter Include="GLAD">
      <UniqueIdentifier>{412f35a3-a93c-4d6a-9503-0b9790755e78}</UniqueIdentifier>
    </Filter>
    <Filter Include="Shaders">
      <UniqueIdentifier>{d890c329-c0c6-49ba-ab5e-673cd1bfb578}</UniqueIdentifier>
    </Filter>
    <Filter Include="GLUtilities">
      <UniqueIdentifier>{248778b4-d602-463b-b579-60a789f88d90}</UniqueIdentifier>
    </Filter>
  </ItemGroup>
  <ItemGroup>
    <None Include="ParticleFragmentShader.glsl">
      <Filter>Shaders</Filter>
    </None>
    <None Include="ParticleVertexShader.glsl">
      <Filter>Shaders</Filter>
    </None>
    <None Include="ParticleTransformShader.glsl">
      <Filter>Shaders</Filter>
    </None>
  </ItemGroup>
  <ItemGroup>
    <ClInclude Include="VertexBuffer.hpp">
      <Filter>GLUtilities</Filter>
    </ClInclude>
    <ClInclude Include="GLUtilities.hpp">
      <Filter>GLUtilities</Filter>
    </ClInclude>
    <ClInclude Include="BufferLayout.hpp">
      <Filter>GLUtilities</Filter>
    </ClInclude>
    <ClInclude Include="VertexArray.hpp">
      <Filter>GLUtilities</Filter>
    </ClInclude>
    <ClInclude Include="Math.hpp" />
    <ClInclude Include="ShaderProgram.hpp">
      <Filter>GLUtilities</Filter>
    </ClInclude>
    <ClInclude Include="Texture.hpp">
      <Filter>GLUtilities</Filter>
    </ClInclude>
  </ItemGroup>
</Project>